{
  "nodes": {
    "catppuccin": {
      "inputs": {
        "nixpkgs": "nixpkgs"
      },
      "locked": {
        "lastModified": 1768256610,
        "narHash": "sha256-IyL6nZo242nDLoLQVwkqAZXp8FO5kBfjL6Fuh+gZO10=",
        "owner": "catppuccin",
        "repo": "nix",
        "rev": "0734ad8c91342df34f1a1e5c183d053d70ba87c7",
        "type": "github"
      },
      "original": {
        "owner": "catppuccin",
        "ref": "release-25.11",
        "repo": "nix",
        "type": "github"
      }
    },
    "flake-compat": {
      "flake": false,
      "locked": {
        "lastModified": 1767039857,
        "narHash": "sha256-vNpUSpF5Nuw8xvDLj2KCwwksIbjua2LZCqhV1LNRDns=",
        "owner": "NixOS",
        "repo": "flake-compat",
        "rev": "5edf11c44bc78a0d334f6334cdaf7d60d732daab",
        "type": "github"
      },
      "original": {
        "owner": "NixOS",
        "repo": "flake-compat",
        "type": "github"
      }
    },
    "flake-compat_2": {
      "locked": {
        "lastModified": 1761640442,
        "narHash": "sha256-AtrEP6Jmdvrqiv4x2xa5mrtaIp3OEe8uBYCDZDS+hu8=",
        "owner": "nix-community",
        "repo": "flake-compat",
        "rev": "4a56054d8ffc173222d09dad23adf4ba946c8884",
        "type": "github"
      },
      "original": {
        "owner": "nix-community",
        "repo": "flake-compat",
        "type": "github"
      }
    },
    "flake-parts": {
      "inputs": {
        "nixpkgs-lib": [
          "neovim-nightly-overlay",
          "nixpkgs"
        ]
      },
      "locked": {
        "lastModified": 1778716662,
        "narHash": "sha256-m1Yf0wZ8j1OHjTc2UwHwyQRSnNeSgLJOd7q5Y45hzi4=",
        "owner": "hercules-ci",
        "repo": "flake-parts",
        "rev": "f7c1a2d347e4c52d5fb8d10cb4d94b5884e546fb",
        "type": "github"
      },
      "original": {
        "owner": "hercules-ci",
        "repo": "flake-parts",
        "type": "github"
      }
    },
    "flake-utils": {
      "inputs": {
        "systems": "systems"
      },
      "locked": {
        "lastModified": 1731533236,
        "narHash": "sha256-l0KFg5HjrsfsO/JpG+r7fRrqm12kzFHyUHqHCVpMMbI=",
        "owner": "numtide",
        "repo": "flake-utils",
        "rev": "11707dc2f618dd54ca8739b309ec4fc024de578b",
        "type": "github"
      },
      "original": {
        "owner": "numtide",
        "repo": "flake-utils",
        "type": "github"
      }
    },
    "git-hooks": {
      "inputs": {
        "flake-compat": "flake-compat",
        "gitignore": "gitignore",
        "nixpkgs": [
          "nixpkgs"
        ]
      },
      "locked": {
        "lastModified": 1778507602,
        "narHash": "sha256-kTwur1wV+01SdqskVMSo6JMEpg71ps3HpbFY2GsflKs=",
        "owner": "cachix",
        "repo": "git-hooks.nix",
        "rev": "61ab0e80d9c7ab14c256b5b453d8b3fb0189ba0a",
        "type": "github"
      },
      "original": {
        "owner": "cachix",
        "repo": "git-hooks.nix",
        "type": "github"
      }
    },
    "gitignore": {
      "inputs": {
        "nixpkgs": [
          "git-hooks",
          "nixpkgs"
        ]
      },
      "locked": {
        "lastModified": 1709087332,
        "narHash": "sha256-HG2cCnktfHsKV0s4XW83gU3F57gaTljL9KNSuG6bnQs=",
        "owner": "hercules-ci",
        "repo": "gitignore.nix",
        "rev": "637db329424fd7e46cf4185293b9cc8c88c95394",
        "type": "github"
      },
      "original": {
        "owner": "hercules-ci",
        "repo": "gitignore.nix",
        "type": "github"
      }
    },
    "home-manager": {
      "inputs": {
        "nixpkgs": [
          "nixpkgs"
        ]
      },
      "locked": {
        "lastModified": 1779506708,
        "narHash": "sha256-QOD/CNm196nCJRheux/URi4/HE66fthdOMqCJoPP1Y0=",
        "owner": "nix-community",
        "repo": "home-manager",
        "rev": "3ee51fbdac8c8bdfe1e7e1fcaba6520a563f394f",
        "type": "github"
      },
      "original": {
        "owner": "nix-community",
        "ref": "release-25.11",
        "repo": "home-manager",
        "type": "github"
      }
    },
    "lib-aggregate": {
      "inputs": {
        "flake-utils": "flake-utils",
        "nixpkgs-lib": "nixpkgs-lib"
      },
      "locked": {
        "lastModified": 1780840879,
        "narHash": "sha256-+126sfdFUn847ls0GLRxqt+RTS6ONQCMKte4ur26Apc=",
        "owner": "nix-community",
        "repo": "lib-aggregate",
        "rev": "9fd2f05f8b1063ff8896748d8ca138c118578227",
        "type": "github"
      },
      "original": {
        "owner": "nix-community",
        "repo": "lib-aggregate",
        "type": "github"
      }
    },
    "neovim-nightly-overlay": {
      "inputs": {
        "flake-parts": "flake-parts",
        "neovim-src": "neovim-src",
        "nixpkgs": "nixpkgs_2"
      },
      "locked": {
        "lastModified": 1780790681,
        "narHash": "sha256-ElNsuFEXsYkj7lLRP0WcL8GdPnAjVwkMyRuSX6Tv7lk=",
        "owner": "nix-community",
        "repo": "neovim-nightly-overlay",
        "rev": "4b02dabdaac3d363ad7a86839c548fa4e32aad07",
        "type": "github"
      },
      "original": {
        "owner": "nix-community",
        "repo": "neovim-nightly-overlay",
        "type": "github"
      }
    },
    "neovim-src": {
      "flake": false,
      "locked": {
        "lastModified": 1780741572,
        "narHash": "sha256-9j6oxizUi9ZmJyE7ewPUMeJKPwQOfLKU8mC9humsgAo=",
        "owner": "neovim",
        "repo": "neovim",
        "rev": "ec7dab077bf6bf53794f2bc42010c977687094a6",
        "type": "github"
      },
      "original": {
        "owner": "neovim",
        "repo": "neovim",
        "type": "github"
      }
    },
    "niri": {
      "inputs": {
        "nixpkgs": "nixpkgs_3",
        "rust-overlay": "rust-overlay"
      },
      "locked": {
        "lastModified": 1780637332,
        "narHash": "sha256-FeKyLRxLZu2EUnhifijZPDZRl0sVnPVHMtizAINNiN4=",
        "owner": "niri-wm",
        "repo": "niri",
        "rev": "f717ae030fe56fc52522ebef69f17f3f09064ac4",
        "type": "github"
      },
      "original": {
        "owner": "niri-wm",
        "repo": "niri",
        "type": "github"
      }
    },
    "nix-index-database": {
      "inputs": {
        "nixpkgs": [
          "nixpkgs"
        ]
      },
      "locked": {
        "lastModified": 1780816331,
        "narHash": "sha256-0BYqs8yKWkOz2Q7+SP18N5E5gmDKSo6LSxIVIa0wWes=",
        "owner": "Mic92",
        "repo": "nix-index-database",
        "rev": "1a2ea89c917781e88508d9fd2b507f2d2a0e173c",
        "type": "github"
      },
      "original": {
        "owner": "Mic92",
        "repo": "nix-index-database",
        "type": "github"
      }
    },
    "nixos-hardware": {
      "inputs": {
        "nixpkgs": "nixpkgs_4"
      },
      "locked": {
        "lastModified": 1780310866,
        "narHash": "sha256-fPBRVf6A5xlACYcOI59shGrjURuvwu0lRsDoSCEXt/I=",
        "owner": "NixOS",
        "repo": "nixos-hardware",
        "rev": "4ed851c979641e28597a05086332d75cdc9e395f",
        "type": "github"
      },
      "original": {
        "owner": "NixOS",
        "ref": "master",
        "repo": "nixos-hardware",
        "type": "github"
      }
    },
    "nixpkgs": {
      "locked": {
        "lastModified": 1764521362,
        "narHash": "sha256-M101xMtWdF1eSD0xhiR8nG8CXRlHmv6V+VoY65Smwf4=",
        "owner": "NixOS",
        "repo": "nixpkgs",
        "rev": "871b9fd269ff6246794583ce4ee1031e1da71895",
        "type": "github"
      },
      "original": {
        "owner": "NixOS",
        "ref": "25.11",
        "repo": "nixpkgs",
        "type": "github"
      }
    },
    "nixpkgs-lib": {
      "locked": {
        "lastModified": 1780800655,
        "narHash": "sha256-eVQuIiDIy24NIAW+yEirKosWHFYAml6dghmevWgruBE=",
        "owner": "nix-community",
        "repo": "nixpkgs.lib",
        "rev": "78afa8e310f34cba09443a5ef2fb47bfd21d294f",
        "type": "github"
      },
      "original": {
        "owner": "nix-community",
        "repo": "nixpkgs.lib",
        "type": "github"
      }
    },
    "nixpkgs-unstable": {
      "locked": {
        "lastModified": 1780749050,
        "narHash": "sha256-3av0pIjlOWQ6rDbNOmpUSvbNnJkGORQKKjb4LtCZsIY=",
        "owner": "nixos",
        "repo": "nixpkgs",
        "rev": "a799d3e3886da994fa307f817a6bc705ae538eeb",
        "type": "github"
      },
      "original": {
        "owner": "nixos",
        "ref": "nixos-unstable",
        "repo": "nixpkgs",
        "type": "github"
      }
    },
    "nixpkgs-wayland": {
      "inputs": {
        "flake-compat": "flake-compat_2",
        "lib-aggregate": "lib-aggregate",
        "nixpkgs": "nixpkgs_6"
      },
      "locked": {
        "lastModified": 1780894866,
        "narHash": "sha256-qg7RuFzxJcLh+XsKgDVo0xzJ+0FreLietcwCFKatyGE=",
        "owner": "nix-community",
        "repo": "nixpkgs-wayland",
        "rev": "bd748082ac15966cf0202c6148c880fb5a5e48a3",
        "type": "github"
      },
      "original": {
        "owner": "nix-community",
        "repo": "nixpkgs-wayland",
        "type": "github"
      }
    },
    "nixpkgs_2": {
      "locked": {
        "lastModified": 1780747962,
        "narHash": "sha256-IX7G1dlKrOqPOImfbo7ADDfV5yU1+j+MRChI3TL4tAA=",
        "owner": "NixOS",
        "repo": "nixpkgs",
        "rev": "cbb5cf358f50aa6acc9efd6113b7bcfbc352cd73",
        "type": "github"
      },
      "original": {
        "owner": "NixOS",
        "ref": "nixpkgs-unstable",
        "repo": "nixpkgs",
        "type": "github"
      }
    },
    "nixpkgs_3": {
      "locked": {
        "lastModified": 1757967192,
        "narHash": "sha256-/aA9A/OBmnuOMgwfzdsXRusqzUpd8rQnQY8jtrHK+To=",
        "owner": "NixOS",
        "repo": "nixpkgs",
        "rev": "0d7c15863b251a7a50265e57c1dca1a7add2e291",
        "type": "github"
      },
      "original": {
        "owner": "NixOS",
        "ref": "nixpkgs-unstable",
        "repo": "nixpkgs",
        "type": "github"
      }
    },
    "nixpkgs_4": {
      "locked": {
        "lastModified": 1767892417,
        "narHash": "sha256-8bW3q88CEg2u4hSP66Vf4lpbLonHz7hqDNBMcCY7E9U=",
        "rev": "3497aa5c9457a9d88d71fa93a4a8368816fbeeba",
        "type": "tarball",
        "url": "https://releases.nixos.org/nixos/unstable/nixos-26.05pre924538.3497aa5c9457/nixexprs.tar.xz"
      },
      "original": {
        "type": "tarball",
        "url": "https://channels.nixos.org/nixos-unstable/nixexprs.tar.xz"
      }
    },
    "nixpkgs_5": {
      "locked": {
        "lastModified": 1780511130,
        "narHash": "sha256-2v9lT4ya59Lh1FqPeLnz1MoX9y/wz2huqfe9RtQZITk=",
        "owner": "nixos",
        "repo": "nixpkgs",
        "rev": "535f3e6942cb1cead3929c604320d3db54b542b9",
        "type": "github"
      },
      "original": {
        "owner": "nixos",
        "ref": "nixos-25.11",
        "repo": "nixpkgs",
        "type": "github"
      }
    },
    "nixpkgs_6": {
      "locked": {
        "lastModified": 1780749050,
        "narHash": "sha256-3av0pIjlOWQ6rDbNOmpUSvbNnJkGORQKKjb4LtCZsIY=",
        "owner": "nixos",
        "repo": "nixpkgs",
        "rev": "a799d3e3886da994fa307f817a6bc705ae538eeb",
        "type": "github"
      },
      "original": {
        "owner": "nixos",
        "ref": "nixos-unstable",
        "repo": "nixpkgs",
        "type": "github"
      }
    },
    "noctalia": {
      "inputs": {
        "nixpkgs": [
          "nixpkgs"
        ],
        "noctalia-qs": "noctalia-qs"
      },
      "locked": {
        "lastModified": 1780889763,
        "narHash": "sha256-18kh968u0hhtDyECo0FBnlEnJLDxs0uB5H5QbWA9P3I=",
        "owner": "noctalia-dev",
        "repo": "noctalia-shell",
        "rev": "57be32b0a81471ef6c5dceff6faad23b534ec7f8",
        "type": "github"
      },
      "original": {
        "owner": "noctalia-dev",
        "repo": "noctalia-shell",
        "type": "github"
      }
    },
    "noctalia-qs": {
      "inputs": {
        "nixpkgs": [
          "noctalia",
          "nixpkgs"
        ],
        "systems": "systems_2",
        "treefmt-nix": "treefmt-nix"
      },
      "locked": {
        "lastModified": 1780799499,
        "narHash": "sha256-YloRtLqJabzYUWvdLyh67zH4DZrR3kQj+dlQJwLPmPM=",
        "owner": "noctalia-dev",
        "repo": "noctalia-qs",
        "rev": "f308426239665e3bc3d624014e9295b2ae2f58ff",
        "type": "github"
      },
      "original": {
        "owner": "noctalia-dev",
        "repo": "noctalia-qs",
        "type": "github"
      }
    },
    "root": {
      "inputs": {
        "catppuccin": "catppuccin",
        "git-hooks": "git-hooks",
        "home-manager": "home-manager",
        "neovim-nightly-overlay": "neovim-nightly-overlay",
        "niri": "niri",
        "nix-index-database": "nix-index-database",
        "nixos-hardware": "nixos-hardware",
        "nixpkgs": "nixpkgs_5",
        "nixpkgs-unstable": "nixpkgs-unstable",
        "nixpkgs-wayland": "nixpkgs-wayland",
        "noctalia": "noctalia",
        "sops-nix": "sops-nix",
        "treefmt-nix": "treefmt-nix_2"
      }
    },
    "rust-overlay": {
      "inputs": {
        "nixpkgs": [
          "niri",
          "nixpkgs"
        ]
      },
      "locked": {
        "lastModified": 1757989933,
        "narHash": "sha256-9cpKYWWPCFhgwQTww8S94rTXgg8Q8ydFv9fXM6I8xQM=",
        "owner": "oxalica",
        "repo": "rust-overlay",
        "rev": "8249aa3442fb9b45e615a35f39eca2fe5510d7c3",
        "type": "github"
      },
      "original": {
        "owner": "oxalica",
        "repo": "rust-overlay",
        "type": "github"
      }
    },
    "sops-nix": {
      "inputs": {
        "nixpkgs": [
          "nixpkgs"
        ]
      },
      "locked": {
        "lastModified": 1780547341,
        "narHash": "sha256-Gq8KNx5A7hBB3uGJaj6eQfLDIz5YdLu92gqBcvHvoUo=",
        "owner": "Mic92",
        "repo": "sops-nix",
        "rev": "9ed65852b6257fbeae4355bc24ecfea307ca759a",
        "type": "github"
      },
      "original": {
        "owner": "Mic92",
        "repo": "sops-nix",
        "type": "github"
      }
    },
    "systems": {
      "locked": {
        "lastModified": 1681028828,
        "narHash": "sha256-Vy1rq5AaRuLzOxct8nz4T6wlgyUR7zLU309k9mBC768=",
        "owner": "nix-systems",
        "repo": "default",
        "rev": "da67096a3b9bf56a91d16901293e51ba5b49a27e",
        "type": "github"
      },
      "original": {
        "owner": "nix-systems",
        "repo": "default",
        "type": "github"
      }
    },
    "systems_2": {
      "locked": {
        "lastModified": 1689347949,
        "narHash": "sha256-12tWmuL2zgBgZkdoB6qXZsgJEH9LR3oUgpaQq2RbI80=",
        "owner": "nix-systems",
        "repo": "default-linux",
        "rev": "31732fcf5e8fea42e59c2488ad31a0e651500f68",
        "type": "github"
      },
      "original": {
        "owner": "nix-systems",
        "repo": "default-linux",
        "type": "github"
      }
    },
    "treefmt-nix": {
      "inputs": {
        "nixpkgs": [
          "noctalia",
          "noctalia-qs",
          "nixpkgs"
        ]
      },
      "locked": {
        "lastModified": 1780220602,
        "narHash": "sha256-eynAfOmbmxJnkp7YewvCEbShNnnYJ9gLLqkzsYtBPeM=",
        "owner": "numtide",
        "repo": "treefmt-nix",
        "rev": "db947814a175b7ca6ded66e21383d938df01c227",
        "type": "github"
      },
      "original": {
        "owner": "numtide",
        "repo": "treefmt-nix",
        "type": "github"
      }
    },
    "treefmt-nix_2": {
      "inputs": {
        "nixpkgs": [
          "nixpkgs"
        ]
      },
      "locked": {
        "lastModified": 1780220602,
        "narHash": "sha256-eynAfOmbmxJnkp7YewvCEbShNnnYJ9gLLqkzsYtBPeM=",
        "owner": "numtide",
        "repo": "treefmt-nix",
        "rev": "db947814a175b7ca6ded66e21383d938df01c227",
        "type": "github"
      },
      "original": {
        "owner": "numtide",
        "repo": "treefmt-nix",
        "type": "github"
      }
    }
  },
  "root": "root",
  "version": 7
}
